
Microsoft Visual Studio Solution File, Format Version 12.00
# Visual Studio Version 17
VisualStudioVersion = 17.14.36930.0
MinimumVisualStudioVersion = 10.0.40219.1
Project("{FAE04EC0-301F-11D3-BF4B-00C04F79EFBC}") = "Chain-of-responsibilities", "Chain-of-responsibilities\Chain-of-responsibilities.csproj", "{D6A680F8-6857-4584-BB36-7CE62D1EDB18}"
EndProject
Project("{FAE04EC0-301F-11D3-BF4B-00C04F79EFBC}") = "Mediator", "Mediator\Mediator.csproj", "{577EC3BE-BD3D-4C02-B530-02B2822CD3E4}"
EndProject
Project("{FAE04EC0-301F-11D3-BF4B-00C04F79EFBC}") = "Observer", "Observer\Observer.csproj", "{29FB61BE-1BC0-4511-8651-232A42FDC416}"
EndProject
Project("{FAE04EC0-301F-11D3-BF4B-00C04F79EFBC}") = "Strategy", "Strategy\Strategy.csproj", "{44C28D42-B3AC-48C4-A2FB-EECB9CCF092D}"
EndProject
Project("{FAE04EC0-301F-11D3-BF4B-00C04F79EFBC}") = "Memento", "Memento\Memento.csproj", "{497C3C48-BB9C-495B-8208-BAE733F92751}"
EndProject
Global
	GlobalSection(SolutionConfigurationPlatforms) = preSolution
		Debug|Any CPU = Debug|Any CPU
		Release|Any CPU = Release|Any CPU
	EndGlobalSection
	GlobalSection(ProjectConfigurationPlatforms) = postSolution
		{D6A680F8-6857-4584-BB36-7CE62D1EDB18}.Debug|Any CPU.ActiveCfg = Debug|Any CPU
		{D6A680F8-6857-4584-BB36-7CE62D1EDB18}.Debug|Any CPU.Build.0 = Debug|Any CPU
		{D6A680F8-6857-4584-BB36-7CE62D1EDB18}.Release|Any CPU.ActiveCfg = Release|Any CPU
		{D6A680F8-6857-4584-BB36-7CE62D1EDB18}.Release|Any CPU.Build.0 = Release|Any CPU
		{577EC3BE-BD3D-4C02-B530-02B2822CD3E4}.Debug|Any CPU.ActiveCfg = Debug|Any CPU
		{577EC3BE-BD3D-4C02-B530-02B2822CD3E4}.Debug|Any CPU.Build.0 = Debug|Any CPU
		{577EC3BE-BD3D-4C02-B530-02B2822CD3E4}.Release|Any CPU.ActiveCfg = Release|Any CPU
		{577EC3BE-BD3D-4C02-B530-02B2822CD3E4}.Release|Any CPU.Build.0 = Release|Any CPU
		{29FB61BE-1BC0-4511-8651-232A42FDC416}.Debug|Any CPU.ActiveCfg = Debug|Any CPU
		{29FB61BE-1BC0-4511-8651-232A42FDC416}.Debug|Any CPU.Build.0 = Debug|Any CPU
		{29FB61BE-1BC0-4511-8651-232A42FDC416}.Release|Any CPU.ActiveCfg = Release|Any CPU
		{29FB61BE-1BC0-4511-8651-232A42FDC416}.Release|Any CPU.Build.0 = Release|Any CPU
		{44C28D42-B3AC-48C4-A2FB-EECB9CCF092D}.Debug|Any CPU.ActiveCfg = Debug|Any CPU
		{44C28D42-B3AC-48C4-A2FB-EECB9CCF092D}.Debug|Any CPU.Build.0 = Debug|Any CPU
		{44C28D42-B3AC-48C4-A2FB-EECB9CCF092D}.Release|Any CPU.ActiveCfg = Release|Any CPU
		{44C28D42-B3AC-48C4-A2FB-EECB9CCF092D}.Release|Any CPU.Build.0 = Release|Any CPU
		{497C3C48-BB9C-495B-8208-BAE733F92751}.Debug|Any CPU.ActiveCfg = Debug|Any CPU
		{497C3C48-BB9C-495B-8208-BAE733F92751}.Debug|Any CPU.Build.0 = Debug|Any CPU
		{497C3C48-BB9C-495B-8208-BAE733F92751}.Release|Any CPU.ActiveCfg = Release|Any CPU
		{497C3C48-BB9C-495B-8208-BAE733F92751}.Release|Any CPU.Build.0 = Release|Any CPU
	EndGlobalSection
	GlobalSection(SolutionProperties) = preSolution
		HideSolutionNode = FALSE
	EndGlobalSection
	GlobalSection(ExtensibilityGlobals) = postSolution
		SolutionGuid = {E0EF83DF-F8B3-4BA2-B688-1C8E1AAB7AB0}
	EndGlobalSection
EndGlobal
